// !$*UTF8*$!
{
	archiveVersion = 1;
	classes = {
	};
	objectVersion = 50;
	objects = {

/* Begin PBXBuildFile section */
		DF1AFEA923719C550056A795 /* main.swift in Sources */ = {isa = PBXBuildFile; fileRef = DF1AFEA823719C550056A795 /* main.swift */; };
		DF1AFEB62371A2020056A795 /* StandardAlgorithmsTest.swift in Sources */ = {isa = PBXBuildFile; fileRef = DF1AFEB52371A2020056A795 /* StandardAlgorithmsTest.swift */; };
		DF1AFEBC2371A2E70056A795 /* SortingTest.swift in Sources */ = {isa = PBXBuildFile; fileRef = DF1AFEBB2371A2E70056A795 /* SortingTest.swift */; };
		DF1AFEBE2371A3CE0056A795 /* Sorting.swift in Sources */ = {isa = PBXBuildFile; fileRef = DF1AFEBD2371A3CE0056A795 /* Sorting.swift */; };
		DF1AFEBF2371A3DC0056A795 /* Sorting.swift in Sources */ = {isa = PBXBuildFile; fileRef = DF1AFEBD2371A3CE0056A795 /* Sorting.swift */; };
/* End PBXBuildFile section */

/* Begin PBXCopyFilesBuildPhase section */
		DF1AFEA323719C550056A795 /* CopyFiles */ = {
			isa = PBXCopyFilesBuildPhase;
			buildActionMask = 2147483647;
			dstPath = /usr/share/man/man1/;
			dstSubfolderSpec = 0;
			files = (
			);
			runOnlyForDeploymentPostprocessing = 1;
		};
/* End PBXCopyFilesBuildPhase section */

/* Begin PBXFileReference section */
		DF1AFEA523719C550056A795 /* Standard Algorithms */ = {isa = PBXFileReference; explicitFileType = "compiled.mach-o.executable"; includeInIndex = 0; path = "Standard Algorithms"; sourceTree = BUILT_PRODUCTS_DIR; };
		DF1AFEA823719C550056A795 /* main.swift */ = {isa = PBXFileReference; lastKnownFileType = sourcecode.swift; path = main.swift; sourceTree = "<group>"; };
		DF1AFEB32371A2020056A795 /* StandardAlgorithmsTest.xctest */ = {isa = PBXFileReference; explicitFileType = wrapper.cfbundle; includeInIndex = 0; path = StandardAlgorithmsTest.xctest; sourceTree = BUILT_PRODUCTS_DIR; };
		DF1AFEB52371A2020056A795 /* StandardAlgorithmsTest.swift */ = {isa = PBXFileReference; lastKnownFileType = sourcecode.swift; path = StandardAlgorithmsTest.swift; sourceTree = "<group>"; };
		DF1AFEB72371A2020056A795 /* Info.plist */ = {isa = PBXFileReference; lastKnownFileType = text.plist.xml; path = Info.plist; sourceTree = "<group>"; };
		DF1AFEBB2371A2E70056A795 /* SortingTest.swift */ = {isa = PBXFileReference; lastKnownFileType = sourcecode.swift; path = SortingTest.swift; sourceTree = "<group>"; };
		DF1AFEBD2371A3CE0056A795 /* Sorting.swift */ = {isa = PBXFileReference; lastKnownFileType = sourcecode.swift; path = Sorting.swift; sourceTree = "<group>"; };
/* End PBXFileReference section */

/* Begin PBXFrameworksBuildPhase section */
		DF1AFEA223719C550056A795 /* Frameworks */ = {
			isa = PBXFrameworksBuildPhase;
			buildActionMask = 2147483647;
			files = (
			);
			runOnlyForDeploymentPostprocessing = 0;
		};
		DF1AFEB02371A2020056A795 /* Frameworks */ = {
			isa = PBXFrameworksBuildPhase;
			buildActionMask = 2147483647;
			files = (
			);
			runOnlyForDeploymentPostprocessing = 0;
		};
/* End PBXFrameworksBuildPhase section */

/* Begin PBXGroup section */
		DF1AFE9C23719C550056A795 = {
			isa = PBXGroup;
			children = (
				DF1AFEA723719C550056A795 /* Standard Algorithms */,
				DF1AFEB42371A2020056A795 /* StandardAlgorithmsTest */,
				DF1AFEA623719C550056A795 /* Products */,
			);
			sourceTree = "<group>";
		};
		DF1AFEA623719C550056A795 /* Products */ = {
			isa = PBXGroup;
			children = (
				DF1AFEA523719C550056A795 /* Standard Algorithms */,
				DF1AFEB32371A2020056A795 /* StandardAlgorithmsTest.xctest */,
			);
			name = Products;
			sourceTree = "<group>";
		};
		DF1AFEA723719C550056A795 /* Standard Algorithms */ = {
			isa = PBXGroup;
			children = (
				DF1AFEA823719C550056A795 /* main.swift */,
				DF1AFEBD2371A3CE0056A795 /* Sorting.swift */,
			);
			path = "Standard Algorithms";
			sourceTree = "<group>";
		};
		DF1AFEB42371A2020056A795 /* StandardAlgorithmsTest */ = {
			isa = PBXGroup;
			children = (
				DF1AFEB52371A2020056A795 /* StandardAlgorithmsTest.swift */,
				DF1AFEB72371A2020056A795 /* Info.plist */,
				DF1AFEBB2371A2E70056A795 /* SortingTest.swift */,
			);
			path = StandardAlgorithmsTest;
			sourceTree = "<group>";
		};
/* End PBXGroup section */

/* Begin PBXNativeTarget section */
		DF1AFEA423719C550056A795 /* Standard Algorithms */ = {
			isa = PBXNativeTarget;
			buildConfigurationList = DF1AFEAC23719C550056A795 /* Build configuration list for PBXNativeTarget "Standard Algorithms" */;
			buildPhases = (
				DF1AFEA123719C550056A795 /* Sources */,
				DF1AFEA223719C550056A795 /* Frameworks */,
				DF1AFEA323719C550056A795 /* CopyFiles */,
			);
			buildRules = (
			);
			dependencies = (
			);
			name = "Standard Algorithms";
			productName = "Standard Algorithms";
			productReference = DF1AFEA523719C550056A795 /* Standard Algorithms */;
			productType = "com.apple.product-type.tool";
		};
		DF1AFEB22371A2020056A795 /* StandardAlgorithmsTest */ = {
			isa = PBXNativeTarget;
			buildConfigurationList = DF1AFEB82371A2020056A795 /* Build configuration list for PBXNativeTarget "StandardAlgorithmsTest" */;
			buildPhases = (
				DF1AFEAF2371A2020056A795 /* Sources */,
				DF1AFEB02371A2020056A795 /* Frameworks */,
				DF1AFEB12371A2020056A795 /* Resources */,
			);
			buildRules = (
			);
			dependencies = (
			);
			name = StandardAlgorithmsTest;
			productName = StandardAlgorithmsTest;
			productReference = DF1AFEB32371A2020056A795 /* StandardAlgorithmsTest.xctest */;
			productType = "com.apple.product-type.bundle.unit-test";
		};
/* End PBXNativeTarget section */

/* Begin PBXProject section */
		DF1AFE9D23719C550056A795 /* Project object */ = {
			isa = PBXProject;
			attributes = {
				LastSwiftUpdateCheck = 1120;
				LastUpgradeCheck = 1120;
				ORGANIZATIONNAME = "Ahmed, Maheraj (HWTA)";
				TargetAttributes = {
					DF1AFEA423719C550056A795 = {
						CreatedOnToolsVersion = 11.2;
					};
					DF1AFEB22371A2020056A795 = {
						CreatedOnToolsVersion = 11.2;
					};
				};
			};
			buildConfigurationList = DF1AFEA023719C550056A795 /* Build configuration list for PBXProject "Standard Algorithms" */;
			compatibilityVersion = "Xcode 9.3";
			developmentRegion = en;
			hasScannedForEncodings = 0;
			knownRegions = (
				en,
				Base,
			);
			mainGroup = DF1AFE9C23719C550056A795;
			productRefGroup = DF1AFEA623719C550056A795 /* Products */;
			projectDirPath = "";
			projectRoot = "";
			targets = (
				DF1AFEA423719C550056A795 /* Standard Algorithms */,
				DF1AFEB22371A2020056A795 /* StandardAlgorithmsTest */,
			);
		};
/* End PBXProject section */

/* Begin PBXResourcesBuildPhase section */
		DF1AFEB12371A2020056A795 /* Resources */ = {
			isa = PBXResourcesBuildPhase;
			buildActionMask = 2147483647;
			files = (
			);
			runOnlyForDeploymentPostprocessing = 0;
		};
/* End PBXResourcesBuildPhase section */

/* Begin PBXSourcesBuildPhase section */
		DF1AFEA123719C550056A795 /* Sources */ = {
			isa = PBXSourcesBuildPhase;
			buildActionMask = 2147483647;
			files = (
				DF1AFEBE2371A3CE0056A795 /* Sorting.swift in Sources */,
				DF1AFEA923719C550056A795 /* main.swift in Sources */,
			);
			runOnlyForDeploymentPostprocessing = 0;
		};
		DF1AFEAF2371A2020056A795 /* Sources */ = {
			isa = PBXSourcesBuildPhase;
			buildActionMask = 2147483647;
			files = (
				DF1AFEBF2371A3DC0056A795 /* Sorting.swift in Sources */,
				DF1AFEBC2371A2E70056A795 /* SortingTest.swift in Sources */,
				DF1AFEB62371A2020056A795 /* StandardAlgorithmsTest.swift in Sources */,
			);
			runOnlyForDeploymentPostprocessing = 0;
		};
/* End PBXSourcesBuildPhase section */

/* Begin XCBuildConfiguration section */
		DF1AFEAA23719C550056A795 /* Debug */ = {
			isa = XCBuildConfiguration;
			buildSettings = {
				ALWAYS_SEARCH_USER_PATHS = NO;
				CLANG_ANALYZER_NONNULL = YES;
				CLANG_ANALYZER_NUMBER_OBJECT_CONVERSION = YES_AGGRESSIVE;
				CLANG_CXX_LANGUAGE_STANDARD = "gnu++14";
				CLANG_CXX_LIBRARY = "libc++";
				CLANG_ENABLE_MODULES = YES;
				CLANG_ENABLE_OBJC_ARC = YES;
				CLANG_ENABLE_OBJC_WEAK = YES;
				CLANG_WARN_BLOCK_CAPTURE_AUTORELEASING = YES;
				CLANG_WARN_BOOL_CONVERSION = YES;
				CLANG_WARN_COMMA = YES;
				CLANG_WARN_CONSTANT_CONVERSION = YES;
				CLANG_WARN_DEPRECATED_OBJC_IMPLEMENTATIONS = YES;
				CLANG_WARN_DIRECT_OBJC_ISA_USAGE = YES_ERROR;
				CLANG_WARN_DOCUMENTATION_COMMENTS = YES;
				CLANG_WARN_EMPTY_BODY = YES;
				CLANG_WARN_ENUM_CONVERSION = YES;
				CLANG_WARN_INFINITE_RECURSION = YES;
				CLANG_WARN_INT_CONVERSION = YES;
				CLANG_WARN_NON_LITERAL_NULL_CONVERSION = YES;
				CLANG_WARN_OBJC_IMPLICIT_RETAIN_SELF = YES;
				CLANG_WARN_OBJC_LITERAL_CONVERSION = YES;
				CLANG_WARN_OBJC_ROOT_CLASS = YES_ERROR;
				CLANG_WARN_RANGE_LOOP_ANALYSIS = YES;
				CLANG_WARN_STRICT_PROTOTYPES = YES;
				CLANG_WARN_SUSPICIOUS_MOVE = YES;
				CLANG_WARN_UNGUARDED_AVAILABILITY = YES_AGGRESSIVE;
				CLANG_WARN_UNREACHABLE_CODE = YES;
				CLANG_WARN__DUPLICATE_METHOD_MATCH = YES;
				COPY_PHASE_STRIP = NO;
				DEBUG_INFORMATION_FORMAT = dwarf;
				ENABLE_STRICT_OBJC_MSGSEND = YES;
				ENABLE_TESTABILITY = YES;
				GCC_C_LANGUAGE_STANDARD = gnu11;
				GCC_DYNAMIC_NO_PIC = NO;
				GCC_NO_COMMON_BLOCKS = YES;
				GCC_OPTIMIZATION_LEVEL = 0;
				GCC_PREPROCESSOR_DEFINITIONS = (
					"DEBUG=1",
					"$(inherited)",
				);
				GCC_WARN_64_TO_32_BIT_CONVERSION = YES;
				GCC_WARN_ABOUT_RETURN_TYPE = YES_ERROR;
				GCC_WARN_UNDECLARED_SELECTOR = YES;
				GCC_WARN_UNINITIALIZED_AUTOS = YES_AGGRESSIVE;
				GCC_WARN_UNUSED_FUNCTION = YES;
				GCC_WARN_UNUSED_VARIABLE = YES;
				MACOSX_DEPLOYMENT_TARGET = 10.14;
				MTL_ENABLE_DEBUG_INFO = INCLUDE_SOURCE;
				MTL_FAST_MATH = YES;
				ONLY_ACTIVE_ARCH = YES;
				SDKROOT = macosx;
				SWIFT_ACTIVE_COMPILATION_CONDITIONS = DEBUG;
				SWIFT_OPTIMIZATION_LEVEL = "-Onone";
			};
			name = Debug;
		};
		DF1AFEAB23719C550056A795 /* Release */ = {
			isa = XCBuildConfiguration;
			buildSettings = {
				ALWAYS_SEARCH_USER_PATHS = NO;
				CLANG_ANALYZER_NONNULL = YES;
				CLANG_ANALYZER_NUMBER_OBJECT_CONVERSION = YES_AGGRESSIVE;
				CLANG_CXX_LANGUAGE_STANDARD = "gnu++14";
				CLANG_CXX_LIBRARY = "libc++";
				CLANG_ENABLE_MODULES = YES;
				CLANG_ENABLE_OBJC_ARC = YES;
				CLANG_ENABLE_OBJC_WEAK = YES;
				CLANG_WARN_BLOCK_CAPTURE_AUTORELEASING = YES;
				CLANG_WARN_BOOL_CONVERSION = YES;
				CLANG_WARN_COMMA = YES;
				CLANG_WARN_CONSTANT_CONVERSION = YES;
				CLANG_WARN_DEPRECATED_OBJC_IMPLEMENTATIONS = YES;
				CLANG_WARN_DIRECT_OBJC_ISA_USAGE = YES_ERROR;
				CLANG_WARN_DOCUMENTATION_COMMENTS = YES;
				CLANG_WARN_EMPTY_BODY = YES;
				CLANG_WARN_ENUM_CONVERSION = YES;
				CLANG_WARN_INFINITE_RECURSION = YES;
				CLANG_WARN_INT_CONVERSION = YES;
				CLANG_WARN_NON_LITERAL_NULL_CONVERSION = YES;
				CLANG_WARN_OBJC_IMPLICIT_RETAIN_SELF = YES;
				CLANG_WARN_OBJC_LITERAL_CONVERSION = YES;
				CLANG_WARN_OBJC_ROOT_CLASS = YES_ERROR;
				CLANG_WARN_RANGE_LOOP_ANALYSIS = YES;
				CLANG_WARN_STRICT_PROTOTYPES = YES;
				CLANG_WARN_SUSPICIOUS_MOVE = YES;
				CLANG_WARN_UNGUARDED_AVAILABILITY = YES_AGGRESSIVE;
				CLANG_WARN_UNREACHABLE_CODE = YES;
				CLANG_WARN__DUPLICATE_METHOD_MATCH = YES;
				COPY_PHASE_STRIP = NO;
				DEBUG_INFORMATION_FORMAT = "dwarf-with-dsym";
				ENABLE_NS_ASSERTIONS = NO;
				ENABLE_STRICT_OBJC_MSGSEND = YES;
				GCC_C_LANGUAGE_STANDARD = gnu11;
				GCC_NO_COMMON_BLOCKS = YES;
				GCC_WARN_64_TO_32_BIT_CONVERSION = YES;
				GCC_WARN_ABOUT_RETURN_TYPE = YES_ERROR;
				GCC_WARN_UNDECLARED_SELECTOR = YES;
				GCC_WARN_UNINITIALIZED_AUTOS = YES_AGGRESSIVE;
				GCC_WARN_UNUSED_FUNCTION = YES;
				GCC_WARN_UNUSED_VARIABLE = YES;
				MACOSX_DEPLOYMENT_TARGET = 10.14;
				MTL_ENABLE_DEBUG_INFO = NO;
				MTL_FAST_MATH = YES;
				SDKROOT = macosx;
				SWIFT_COMPILATION_MODE = wholemodule;
				SWIFT_OPTIMIZATION_LEVEL = "-O";
			};
			name = Release;
		};
		DF1AFEAD23719C550056A795 /* Debug */ = {
			isa = XCBuildConfiguration;
			buildSettings = {
				CODE_SIGN_STYLE = Automatic;
				PRODUCT_NAME = "$(TARGET_NAME)";
				SWIFT_VERSION = 5.0;
			};
			name = Debug;
		};
		DF1AFEAE23719C550056A795 /* Release */ = {
			isa = XCBuildConfiguration;
			buildSettings = {
				CODE_SIGN_STYLE = Automatic;
				PRODUCT_NAME = "$(TARGET_NAME)";
				SWIFT_VERSION = 5.0;
			};
			name = Release;
		};
		DF1AFEB92371A2020056A795 /* Debug */ = {
			isa = XCBuildConfiguration;
			buildSettings = {
				CODE_SIGN_STYLE = Automatic;
				COMBINE_HIDPI_IMAGES = YES;
				INFOPLIST_FILE = StandardAlgorithmsTest/Info.plist;
				LD_RUNPATH_SEARCH_PATHS = (
					"$(inherited)",
					"@executable_path/../Frameworks",
					"@loader_path/../Frameworks",
				);
				PRODUCT_BUNDLE_IDENTIFIER = com.MaherajAhmed.StandardAlgorithmsTest;
				PRODUCT_NAME = "$(TARGET_NAME)";
				SWIFT_VERSION = 5.0;
			};
			name = Debug;
		};
		DF1AFEBA2371A2020056A795 /* Release */ = {
			isa = XCBuildConfiguration;
			buildSettings = {
				CODE_SIGN_STYLE = Automatic;
				COMBINE_HIDPI_IMAGES = YES;
				INFOPLIST_FILE = StandardAlgorithmsTest/Info.plist;
				LD_RUNPATH_SEARCH_PATHS = (
					"$(inherited)",
					"@executable_path/../Frameworks",
					"@loader_path/../Frameworks",
				);
				PRODUCT_BUNDLE_IDENTIFIER = com.MaherajAhmed.StandardAlgorithmsTest;
				PRODUCT_NAME = "$(TARGET_NAME)";
				SWIFT_VERSION = 5.0;
			};
			name = Release;
		};
/* End XCBuildConfiguration section */

/* Begin XCConfigurationList section */
		DF1AFEA023719C550056A795 /* Build configuration list for PBXProject "Standard Algorithms" */ = {
			isa = XCConfigurationList;
			buildConfigurations = (
				DF1AFEAA23719C550056A795 /* Debug */,
				DF1AFEAB23719C550056A795 /* Release */,
			);
			defaultConfigurationIsVisible = 0;
			defaultConfigurationName = Release;
		};
		DF1AFEAC23719C550056A795 /* Build configuration list for PBXNativeTarget "Standard Algorithms" */ = {
			isa = XCConfigurationList;
			buildConfigurations = (
				DF1AFEAD23719C550056A795 /* Debug */,
				DF1AFEAE23719C550056A795 /* Release */,
			);
			defaultConfigurationIsVisible = 0;
			defaultConfigurationName = Release;
		};
		DF1AFEB82371A2020056A795 /* Build configuration list for PBXNativeTarget "StandardAlgorithmsTest" */ = {
			isa = XCConfigurationList;
			buildConfigurations = (
				DF1AFEB92371A2020056A795 /* Debug */,
				DF1AFEBA2371A2020056A795 /* Release */,
			);
			defaultConfigurationIsVisible = 0;
			defaultConfigurationName = Release;
		};
/* End XCConfigurationList section */
	};
	rootObject = DF1AFE9D23719C550056A795 /* Project object */;
}
